// !$*UTF8*$!
{
	archiveVersion = 1;
	classes = {
	};
	objectVersion = 55;
	objects = {

/* Begin PBXBuildFile section */
		15A6D91D2848FB1A000CAE0C /* ForeignStockHolding.swift in Sources */ = {isa = PBXBuildFile; fileRef = 15A6D9192848FB1A000CAE0C /* ForeignStockHolding.swift */; };
		15A6D91E2848FB1A000CAE0C /* helperFunctions.swift in Sources */ = {isa = PBXBuildFile; fileRef = 15A6D91A2848FB1A000CAE0C /* helperFunctions.swift */; };
		15A6D91F2848FB1A000CAE0C /* StockHolding.swift in Sources */ = {isa = PBXBuildFile; fileRef = 15A6D91C2848FB1A000CAE0C /* StockHolding.swift */; };
		15A6D9342849116D000CAE0C /* localStockData.json in Resources */ = {isa = PBXBuildFile; fileRef = 15A6D923284908E0000CAE0C /* localStockData.json */; };
		15A6D9352849116D000CAE0C /* foreignStockData.json in Resources */ = {isa = PBXBuildFile; fileRef = 15A6D9182848FB1A000CAE0C /* foreignStockData.json */; };
		15A6D93728491185000CAE0C /* helperFunctions.swift in Sources */ = {isa = PBXBuildFile; fileRef = 15A6D91A2848FB1A000CAE0C /* helperFunctions.swift */; };
		15A6D9382849119D000CAE0C /* ForeignStockHolding.swift in Sources */ = {isa = PBXBuildFile; fileRef = 15A6D9192848FB1A000CAE0C /* ForeignStockHolding.swift */; };
		15A6D9392849119F000CAE0C /* StockHolding.swift in Sources */ = {isa = PBXBuildFile; fileRef = 15A6D91C2848FB1A000CAE0C /* StockHolding.swift */; };
		15A6D93A284911A2000CAE0C /* main.swift in Sources */ = {isa = PBXBuildFile; fileRef = 6116B3C128484B5A0040C823 /* main.swift */; };
		6116B3C228484B5A0040C823 /* main.swift in Sources */ = {isa = PBXBuildFile; fileRef = 6116B3C128484B5A0040C823 /* main.swift */; };
/* End PBXBuildFile section */

/* Begin PBXFileReference section */
		15A6D9182848FB1A000CAE0C /* foreignStockData.json */ = {isa = PBXFileReference; fileEncoding = 4; lastKnownFileType = text.json; path = foreignStockData.json; sourceTree = "<group>"; };
		15A6D9192848FB1A000CAE0C /* ForeignStockHolding.swift */ = {isa = PBXFileReference; fileEncoding = 4; lastKnownFileType = sourcecode.swift; path = ForeignStockHolding.swift; sourceTree = "<group>"; };
		15A6D91A2848FB1A000CAE0C /* helperFunctions.swift */ = {isa = PBXFileReference; fileEncoding = 4; lastKnownFileType = sourcecode.swift; path = helperFunctions.swift; sourceTree = "<group>"; };
		15A6D91C2848FB1A000CAE0C /* StockHolding.swift */ = {isa = PBXFileReference; fileEncoding = 4; lastKnownFileType = sourcecode.swift; path = StockHolding.swift; sourceTree = "<group>"; };
		15A6D923284908E0000CAE0C /* localStockData.json */ = {isa = PBXFileReference; fileEncoding = 4; lastKnownFileType = text.json; path = localStockData.json; sourceTree = "<group>"; };
		15A6D93028491135000CAE0C /* JSONBundle.bundle */ = {isa = PBXFileReference; explicitFileType = wrapper.cfbundle; includeInIndex = 0; path = JSONBundle.bundle; sourceTree = BUILT_PRODUCTS_DIR; };
		6116B3BE28484B5A0040C823 /* stockHolding */ = {isa = PBXFileReference; explicitFileType = "compiled.mach-o.executable"; includeInIndex = 0; path = stockHolding; sourceTree = BUILT_PRODUCTS_DIR; };
		6116B3C128484B5A0040C823 /* main.swift */ = {isa = PBXFileReference; lastKnownFileType = sourcecode.swift; path = main.swift; sourceTree = "<group>"; };
/* End PBXFileReference section */

/* Begin PBXFrameworksBuildPhase section */
		15A6D92D28491135000CAE0C /* Frameworks */ = {
			isa = PBXFrameworksBuildPhase;
			buildActionMask = 2147483647;
			files = (
			);
			runOnlyForDeploymentPostprocessing = 0;
		};
		6116B3BB28484B5A0040C823 /* Frameworks */ = {
			isa = PBXFrameworksBuildPhase;
			buildActionMask = 2147483647;
			files = (
			);
			runOnlyForDeploymentPostprocessing = 0;
		};
/* End PBXFrameworksBuildPhase section */

/* Begin PBXGroup section */
		6116B3B528484B5A0040C823 = {
			isa = PBXGroup;
			children = (
				6116B3C028484B5A0040C823 /* stockHolding */,
				6116B3BF28484B5A0040C823 /* Products */,
			);
			sourceTree = "<group>";
		};
		6116B3BF28484B5A0040C823 /* Products */ = {
			isa = PBXGroup;
			children = (
				6116B3BE28484B5A0040C823 /* stockHolding */,
				15A6D93028491135000CAE0C /* JSONBundle.bundle */,
			);
			name = Products;
			sourceTree = "<group>";
		};
		6116B3C028484B5A0040C823 /* stockHolding */ = {
			isa = PBXGroup;
			children = (
				15A6D923284908E0000CAE0C /* localStockData.json */,
				15A6D9182848FB1A000CAE0C /* foreignStockData.json */,
				15A6D9192848FB1A000CAE0C /* ForeignStockHolding.swift */,
				15A6D91A2848FB1A000CAE0C /* helperFunctions.swift */,
				15A6D91C2848FB1A000CAE0C /* StockHolding.swift */,
				6116B3C128484B5A0040C823 /* main.swift */,
			);
			path = stockHolding;
			sourceTree = "<group>";
		};
/* End PBXGroup section */

/* Begin PBXNativeTarget section */
		15A6D92F28491135000CAE0C /* JSONBundle */ = {
			isa = PBXNativeTarget;
			buildConfigurationList = 15A6D93128491135000CAE0C /* Build configuration list for PBXNativeTarget "JSONBundle" */;
			buildPhases = (
				15A6D92C28491135000CAE0C /* Sources */,
				15A6D92D28491135000CAE0C /* Frameworks */,
				15A6D92E28491135000CAE0C /* Resources */,
			);
			buildRules = (
			);
			dependencies = (
			);
			name = JSONBundle;
			productName = JSONBundle;
			productReference = 15A6D93028491135000CAE0C /* JSONBundle.bundle */;
			productType = "com.apple.product-type.bundle";
		};
		6116B3BD28484B5A0040C823 /* stockHolding */ = {
			isa = PBXNativeTarget;
			buildConfigurationList = 6116B3C528484B5A0040C823 /* Build configuration list for PBXNativeTarget "stockHolding" */;
			buildPhases = (
				6116B3BA28484B5A0040C823 /* Sources */,
				6116B3BB28484B5A0040C823 /* Frameworks */,
			);
			buildRules = (
			);
			dependencies = (
			);
			name = stockHolding;
			productName = stockHolding;
			productReference = 6116B3BE28484B5A0040C823 /* stockHolding */;
			productType = "com.apple.product-type.tool";
		};
/* End PBXNativeTarget section */

/* Begin PBXProject section */
		6116B3B628484B5A0040C823 /* Project object */ = {
			isa = PBXProject;
			attributes = {
				BuildIndependentTargetsInParallel = 1;
				LastSwiftUpdateCheck = 1340;
				LastUpgradeCheck = 1340;
				TargetAttributes = {
					15A6D92F28491135000CAE0C = {
						CreatedOnToolsVersion = 13.4;
					};
					6116B3BD28484B5A0040C823 = {
						CreatedOnToolsVersion = 13.4;
					};
				};
			};
			buildConfigurationList = 6116B3B928484B5A0040C823 /* Build configuration list for PBXProject "stockHolding" */;
			compatibilityVersion = "Xcode 13.0";
			developmentRegion = en;
			hasScannedForEncodings = 0;
			knownRegions = (
				en,
				Base,
			);
			mainGroup = 6116B3B528484B5A0040C823;
			productRefGroup = 6116B3BF28484B5A0040C823 /* Products */;
			projectDirPath = "";
			projectRoot = "";
			targets = (
				6116B3BD28484B5A0040C823 /* stockHolding */,
				15A6D92F28491135000CAE0C /* JSONBundle */,
			);
		};
/* End PBXProject section */

/* Begin PBXResourcesBuildPhase section */
		15A6D92E28491135000CAE0C /* Resources */ = {
			isa = PBXResourcesBuildPhase;
			buildActionMask = 2147483647;
			files = (
				15A6D9342849116D000CAE0C /* localStockData.json in Resources */,
				15A6D9352849116D000CAE0C /* foreignStockData.json in Resources */,
			);
			runOnlyForDeploymentPostprocessing = 0;
		};
/* End PBXResourcesBuildPhase section */

/* Begin PBXSourcesBuildPhase section */
		15A6D92C28491135000CAE0C /* Sources */ = {
			isa = PBXSourcesBuildPhase;
			buildActionMask = 2147483647;
			files = (
				15A6D93728491185000CAE0C /* helperFunctions.swift in Sources */,
				15A6D9392849119F000CAE0C /* StockHolding.swift in Sources */,
				15A6D93A284911A2000CAE0C /* main.swift in Sources */,
				15A6D9382849119D000CAE0C /* ForeignStockHolding.swift in Sources */,
			);
			runOnlyForDeploymentPostprocessing = 0;
		};
		6116B3BA28484B5A0040C823 /* Sources */ = {
			isa = PBXSourcesBuildPhase;
			buildActionMask = 2147483647;
			files = (
				6116B3C228484B5A0040C823 /* main.swift in Sources */,
				15A6D91D2848FB1A000CAE0C /* ForeignStockHolding.swift in Sources */,
				15A6D91F2848FB1A000CAE0C /* StockHolding.swift in Sources */,
				15A6D91E2848FB1A000CAE0C /* helperFunctions.swift in Sources */,
			);
			runOnlyForDeploymentPostprocessing = 0;
		};
/* End PBXSourcesBuildPhase section */

/* Begin XCBuildConfiguration section */
		15A6D93228491135000CAE0C /* Debug */ = {
			isa = XCBuildConfiguration;
			buildSettings = {
				CODE_SIGN_STYLE = Automatic;
				COMBINE_HIDPI_IMAGES = YES;
				CURRENT_PROJECT_VERSION = 1;
				DEVELOPMENT_TEAM = X473CD6W24;
				GENERATE_INFOPLIST_FILE = YES;
				INFOPLIST_KEY_NSHumanReadableCopyright = "";
				INFOPLIST_KEY_NSPrincipalClass = "";
				INSTALL_PATH = "$(LOCAL_LIBRARY_DIR)/Bundles";
				MARKETING_VERSION = 1.0;
				PRODUCT_BUNDLE_IDENTIFIER = "spaceship-proj.JSONBundle";
				PRODUCT_NAME = "$(TARGET_NAME)";
				SKIP_INSTALL = YES;
				SWIFT_EMIT_LOC_STRINGS = YES;
				WRAPPER_EXTENSION = bundle;
			};
			name = Debug;
		};
		15A6D93328491135000CAE0C /* Release */ = {
			isa = XCBuildConfiguration;
			buildSettings = {
				CODE_SIGN_STYLE = Automatic;
				COMBINE_HIDPI_IMAGES = YES;
				CURRENT_PROJECT_VERSION = 1;
				DEVELOPMENT_TEAM = X473CD6W24;
				GENERATE_INFOPLIST_FILE = YES;
				INFOPLIST_KEY_NSHumanReadableCopyright = "";
				INFOPLIST_KEY_NSPrincipalClass = "";
				INSTALL_PATH = "$(LOCAL_LIBRARY_DIR)/Bundles";
				MARKETING_VERSION = 1.0;
				PRODUCT_BUNDLE_IDENTIFIER = "spaceship-proj.JSONBundle";
				PRODUCT_NAME = "$(TARGET_NAME)";
				SKIP_INSTALL = YES;
				SWIFT_EMIT_LOC_STRINGS = YES;
				WRAPPER_EXTENSION = bundle;
			};
			name = Release;
		};
		6116B3C328484B5A0040C823 /* Debug */ = {
			isa = XCBuildConfiguration;
			buildSettings = {
				ALWAYS_SEARCH_USER_PATHS = NO;
				CLANG_ANALYZER_NONNULL = YES;
				CLANG_ANALYZER_NUMBER_OBJECT_CONVERSION = YES_AGGRESSIVE;
				CLANG_CXX_LANGUAGE_STANDARD = "gnu++17";
				CLANG_ENABLE_MODULES = YES;
				CLANG_ENABLE_OBJC_ARC = YES;
				CLANG_ENABLE_OBJC_WEAK = YES;
				CLANG_WARN_BLOCK_CAPTURE_AUTORELEASING = YES;
				CLANG_WARN_BOOL_CONVERSION = YES;
				CLANG_WARN_COMMA = YES;
				CLANG_WARN_CONSTANT_CONVERSION = YES;
				CLANG_WARN_DEPRECATED_OBJC_IMPLEMENTATIONS = YES;
				CLANG_WARN_DIRECT_OBJC_ISA_USAGE = YES_ERROR;
				CLANG_WARN_DOCUMENTATION_COMMENTS = YES;
				CLANG_WARN_EMPTY_BODY = YES;
				CLANG_WARN_ENUM_CONVERSION = YES;
				CLANG_WARN_INFINITE_RECURSION = YES;
				CLANG_WARN_INT_CONVERSION = YES;
				CLANG_WARN_NON_LITERAL_NULL_CONVERSION = YES;
				CLANG_WARN_OBJC_IMPLICIT_RETAIN_SELF = YES;
				CLANG_WARN_OBJC_LITERAL_CONVERSION = YES;
				CLANG_WARN_OBJC_ROOT_CLASS = YES_ERROR;
				CLANG_WARN_QUOTED_INCLUDE_IN_FRAMEWORK_HEADER = YES;
				CLANG_WARN_RANGE_LOOP_ANALYSIS = YES;
				CLANG_WARN_STRICT_PROTOTYPES = YES;
				CLANG_WARN_SUSPICIOUS_MOVE = YES;
				CLANG_WARN_UNGUARDED_AVAILABILITY = YES_AGGRESSIVE;
				CLANG_WARN_UNREACHABLE_CODE = YES;
				CLANG_WARN__DUPLICATE_METHOD_MATCH = YES;
				COPY_PHASE_STRIP = NO;
				DEBUG_INFORMATION_FORMAT = dwarf;
				ENABLE_STRICT_OBJC_MSGSEND = YES;
				ENABLE_TESTABILITY = YES;
				GCC_C_LANGUAGE_STANDARD = gnu11;
				GCC_DYNAMIC_NO_PIC = NO;
				GCC_NO_COMMON_BLOCKS = YES;
				GCC_OPTIMIZATION_LEVEL = 0;
				GCC_PREPROCESSOR_DEFINITIONS = (
					"DEBUG=1",
					"$(inherited)",
				);
				GCC_WARN_64_TO_32_BIT_CONVERSION = YES;
				GCC_WARN_ABOUT_RETURN_TYPE = YES_ERROR;
				GCC_WARN_UNDECLARED_SELECTOR = YES;
				GCC_WARN_UNINITIALIZED_AUTOS = YES_AGGRESSIVE;
				GCC_WARN_UNUSED_FUNCTION = YES;
				GCC_WARN_UNUSED_VARIABLE = YES;
				MACOSX_DEPLOYMENT_TARGET = 12.3;
				MTL_ENABLE_DEBUG_INFO = INCLUDE_SOURCE;
				MTL_FAST_MATH = YES;
				ONLY_ACTIVE_ARCH = YES;
				SDKROOT = macosx;
				SWIFT_ACTIVE_COMPILATION_CONDITIONS = DEBUG;
				SWIFT_OPTIMIZATION_LEVEL = "-Onone";
			};
			name = Debug;
		};
		6116B3C428484B5A0040C823 /* Release */ = {
			isa = XCBuildConfiguration;
			buildSettings = {
				ALWAYS_SEARCH_USER_PATHS = NO;
				CLANG_ANALYZER_NONNULL = YES;
				CLANG_ANALYZER_NUMBER_OBJECT_CONVERSION = YES_AGGRESSIVE;
				CLANG_CXX_LANGUAGE_STANDARD = "gnu++17";
				CLANG_ENABLE_MODULES = YES;
				CLANG_ENABLE_OBJC_ARC = YES;
				CLANG_ENABLE_OBJC_WEAK = YES;
				CLANG_WARN_BLOCK_CAPTURE_AUTORELEASING = YES;
				CLANG_WARN_BOOL_CONVERSION = YES;
				CLANG_WARN_COMMA = YES;
				CLANG_WARN_CONSTANT_CONVERSION = YES;
				CLANG_WARN_DEPRECATED_OBJC_IMPLEMENTATIONS = YES;
				CLANG_WARN_DIRECT_OBJC_ISA_USAGE = YES_ERROR;
				CLANG_WARN_DOCUMENTATION_COMMENTS = YES;
				CLANG_WARN_EMPTY_BODY = YES;
				CLANG_WARN_ENUM_CONVERSION = YES;
				CLANG_WARN_INFINITE_RECURSION = YES;
				CLANG_WARN_INT_CONVERSION = YES;
				CLANG_WARN_NON_LITERAL_NULL_CONVERSION = YES;
				CLANG_WARN_OBJC_IMPLICIT_RETAIN_SELF = YES;
				CLANG_WARN_OBJC_LITERAL_CONVERSION = YES;
				CLANG_WARN_OBJC_ROOT_CLASS = YES_ERROR;
				CLANG_WARN_QUOTED_INCLUDE_IN_FRAMEWORK_HEADER = YES;
				CLANG_WARN_RANGE_LOOP_ANALYSIS = YES;
				CLANG_WARN_STRICT_PROTOTYPES = YES;
				CLANG_WARN_SUSPICIOUS_MOVE = YES;
				CLANG_WARN_UNGUARDED_AVAILABILITY = YES_AGGRESSIVE;
				CLANG_WARN_UNREACHABLE_CODE = YES;
				CLANG_WARN__DUPLICATE_METHOD_MATCH = YES;
				COPY_PHASE_STRIP = NO;
				DEBUG_INFORMATION_FORMAT = "dwarf-with-dsym";
				ENABLE_NS_ASSERTIONS = NO;
				ENABLE_STRICT_OBJC_MSGSEND = YES;
				GCC_C_LANGUAGE_STANDARD = gnu11;
				GCC_NO_COMMON_BLOCKS = YES;
				GCC_WARN_64_TO_32_BIT_CONVERSION = YES;
				GCC_WARN_ABOUT_RETURN_TYPE = YES_ERROR;
				GCC_WARN_UNDECLARED_SELECTOR = YES;
				GCC_WARN_UNINITIALIZED_AUTOS = YES_AGGRESSIVE;
				GCC_WARN_UNUSED_FUNCTION = YES;
				GCC_WARN_UNUSED_VARIABLE = YES;
				MACOSX_DEPLOYMENT_TARGET = 12.3;
				MTL_ENABLE_DEBUG_INFO = NO;
				MTL_FAST_MATH = YES;
				SDKROOT = macosx;
				SWIFT_COMPILATION_MODE = wholemodule;
				SWIFT_OPTIMIZATION_LEVEL = "-O";
			};
			name = Release;
		};
		6116B3C628484B5A0040C823 /* Debug */ = {
			isa = XCBuildConfiguration;
			buildSettings = {
				CODE_SIGN_STYLE = Automatic;
				PRODUCT_NAME = "$(TARGET_NAME)";
				SWIFT_VERSION = 5.0;
			};
			name = Debug;
		};
		6116B3C728484B5A0040C823 /* Release */ = {
			isa = XCBuildConfiguration;
			buildSettings = {
				CODE_SIGN_STYLE = Automatic;
				PRODUCT_NAME = "$(TARGET_NAME)";
				SWIFT_VERSION = 5.0;
			};
			name = Release;
		};
/* End XCBuildConfiguration section */

/* Begin XCConfigurationList section */
		15A6D93128491135000CAE0C /* Build configuration list for PBXNativeTarget "JSONBundle" */ = {
			isa = XCConfigurationList;
			buildConfigurations = (
				15A6D93228491135000CAE0C /* Debug */,
				15A6D93328491135000CAE0C /* Release */,
			);
			defaultConfigurationIsVisible = 0;
			defaultConfigurationName = Release;
		};
		6116B3B928484B5A0040C823 /* Build configuration list for PBXProject "stockHolding" */ = {
			isa = XCConfigurationList;
			buildConfigurations = (
				6116B3C328484B5A0040C823 /* Debug */,
				6116B3C428484B5A0040C823 /* Release */,
			);
			defaultConfigurationIsVisible = 0;
			defaultConfigurationName = Release;
		};
		6116B3C528484B5A0040C823 /* Build configuration list for PBXNativeTarget "stockHolding" */ = {
			isa = XCConfigurationList;
			buildConfigurations = (
				6116B3C628484B5A0040C823 /* Debug */,
				6116B3C728484B5A0040C823 /* Release */,
			);
			defaultConfigurationIsVisible = 0;
			defaultConfigurationName = Release;
		};
/* End XCConfigurationList section */
	};
	rootObject = 6116B3B628484B5A0040C823 /* Project object */;
}
